
Microsoft Visual Studio Solution File, Format Version 12.00
# Visual Studio Version 17
VisualStudioVersion = 17.14.36310.24 d17.14
MinimumVisualStudioVersion = 10.0.40219.1
Project("{54A90642-561A-4BB1-A94E-469ADEE60C69}") = "starwarsapi.client", "starwarsapi.client\starwarsapi.client.esproj", "{DDC806FF-FD74-6691-618B-32B832919B0C}"
EndProject
Project("{FAE04EC0-301F-11D3-BF4B-00C04F79EFBC}") = "StarWarsApi.Server", "StarWarsApi.Server\StarWarsApi.Server.csproj", "{EEFE46BE-C9E9-47E1-8E59-3EFB5C387F5A}"
EndProject
Global
	GlobalSection(SolutionConfigurationPlatforms) = preSolution
		Debug|Any CPU = Debug|Any CPU
		Release|Any CPU = Release|Any CPU
	EndGlobalSection
	GlobalSection(ProjectConfigurationPlatforms) = postSolution
		{DDC806FF-FD74-6691-618B-32B832919B0C}.Debug|Any CPU.ActiveCfg = Debug|Any CPU
		{DDC806FF-FD74-6691-618B-32B832919B0C}.Debug|Any CPU.Build.0 = Debug|Any CPU
		{DDC806FF-FD74-6691-618B-32B832919B0C}.Debug|Any CPU.Deploy.0 = Debug|Any CPU
		{DDC806FF-FD74-6691-618B-32B832919B0C}.Release|Any CPU.ActiveCfg = Release|Any CPU
		{DDC806FF-FD74-6691-618B-32B832919B0C}.Release|Any CPU.Build.0 = Release|Any CPU
		{DDC806FF-FD74-6691-618B-32B832919B0C}.Release|Any CPU.Deploy.0 = Release|Any CPU
		{EEFE46BE-C9E9-47E1-8E59-3EFB5C387F5A}.Debug|Any CPU.ActiveCfg = Debug|Any CPU
		{EEFE46BE-C9E9-47E1-8E59-3EFB5C387F5A}.Debug|Any CPU.Build.0 = Debug|Any CPU
		{EEFE46BE-C9E9-47E1-8E59-3EFB5C387F5A}.Release|Any CPU.ActiveCfg = Release|Any CPU
		{EEFE46BE-C9E9-47E1-8E59-3EFB5C387F5A}.Release|Any CPU.Build.0 = Release|Any CPU
	EndGlobalSection
	GlobalSection(SolutionProperties) = preSolution
		HideSolutionNode = FALSE
	EndGlobalSection
	GlobalSection(ExtensibilityGlobals) = postSolution
		SolutionGuid = {B78333EB-530D-408F-92BF-B610D479C9E6}
	EndGlobalSection
EndGlobal
